
Microsoft Visual Studio Solution File, Format Version 12.00
# Visual Studio Version 17
VisualStudioVersion = 17.10.35027.167
MinimumVisualStudioVersion = 10.0.40219.1
Project("{FAE04EC0-301F-11D3-BF4B-00C04F79EFBC}") = "WebApplication4", "WebApplication4.csproj", "{8856408E-22C7-4595-A9D0-9F7B9CC7E66C}"
EndProject
Global
	GlobalSection(SolutionConfigurationPlatforms) = preSolution
		Debug|Any CPU = Debug|Any CPU
		Release|Any CPU = Release|Any CPU
	EndGlobalSection
	GlobalSection(ProjectConfigurationPlatforms) = postSolution
		{8856408E-22C7-4595-A9D0-9F7B9CC7E66C}.Debug|Any CPU.ActiveCfg = Debug|Any CPU
		{8856408E-22C7-4595-A9D0-9F7B9CC7E66C}.Debug|Any CPU.Build.0 = Debug|Any CPU
		{8856408E-22C7-4595-A9D0-9F7B9CC7E66C}.Release|Any CPU.ActiveCfg = Release|Any CPU
		{8856408E-22C7-4595-A9D0-9F7B9CC7E66C}.Release|Any CPU.Build.0 = Release|Any CPU
	EndGlobalSection
	GlobalSection(SolutionProperties) = preSolution
		HideSolutionNode = FALSE
	EndGlobalSection
	GlobalSection(ExtensibilityGlobals) = postSolution
		SolutionGuid = {D923878B-E8EF-45BC-8389-B08BC0229270}
	EndGlobalSection
EndGlobal
